
Microsoft Visual Studio Solution File, Format Version 12.00
# Visual Studio 2013
VisualStudioVersion = 12.0.40629.0
MinimumVisualStudioVersion = 10.0.40219.1
Project("{2150E333-8FDC-42A3-9474-1A3956D46DE8}") = "01. UI", "01. UI", "{84988C96-1E65-4767-B502-73F3EAB218A6}"
EndProject
Project("{8BC9CEB8-8B4A-11D0-8D11-00A0C91BC942}") = "UISDK", "UI\UISDK\UISDK.vcxproj", "{DE272CA9-151B-4F7F-8593-CC699FCF063A}"
EndProject
Project("{2150E333-8FDC-42A3-9474-1A3956D46DE8}") = "02. Demo", "02. Demo", "{253D3B7C-3B8E-4648-AACE-746F1A6654DD}"
EndProject
Project("{8BC9CEB8-8B4A-11D0-8D11-00A0C91BC942}") = "SimpleDemo", "Demo\SimpleDemo\SimpleDemo.vcxproj", "{CE46E8E5-B188-43AB-9E43-6B1A96FB8CF1}"
	ProjectSection(ProjectDependencies) = postProject
		{1F310A52-76C5-497D-8823-C675EF406F4C} = {1F310A52-76C5-497D-8823-C675EF406F4C}
	EndProjectSection
EndProject
Project("{8BC9CEB8-8B4A-11D0-8D11-00A0C91BC942}") = "UICTRL", "UI\UICTRL\UICTRL.vcxproj", "{1F310A52-76C5-497D-8823-C675EF406F4C}"
	ProjectSection(ProjectDependencies) = postProject
		{DE272CA9-151B-4F7F-8593-CC699FCF063A} = {DE272CA9-151B-4F7F-8593-CC699FCF063A}
	EndProjectSection
EndProject
Global
	GlobalSection(SolutionConfigurationPlatforms) = preSolution
		Debug|Win32 = Debug|Win32
		Release|Win32 = Release|Win32
		UnitTest|Win32 = UnitTest|Win32
	EndGlobalSection
	GlobalSection(ProjectConfigurationPlatforms) = postSolution
		{DE272CA9-151B-4F7F-8593-CC699FCF063A}.Debug|Win32.ActiveCfg = Debug|Win32
		{DE272CA9-151B-4F7F-8593-CC699FCF063A}.Debug|Win32.Build.0 = Debug|Win32
		{DE272CA9-151B-4F7F-8593-CC699FCF063A}.Release|Win32.ActiveCfg = Release|Win32
		{DE272CA9-151B-4F7F-8593-CC699FCF063A}.Release|Win32.Build.0 = Release|Win32
		{DE272CA9-151B-4F7F-8593-CC699FCF063A}.UnitTest|Win32.ActiveCfg = UnitTest|Win32
		{DE272CA9-151B-4F7F-8593-CC699FCF063A}.UnitTest|Win32.Build.0 = UnitTest|Win32
		{CE46E8E5-B188-43AB-9E43-6B1A96FB8CF1}.Debug|Win32.ActiveCfg = Debug|Win32
		{CE46E8E5-B188-43AB-9E43-6B1A96FB8CF1}.Debug|Win32.Build.0 = Debug|Win32
		{CE46E8E5-B188-43AB-9E43-6B1A96FB8CF1}.Release|Win32.ActiveCfg = Release|Win32
		{CE46E8E5-B188-43AB-9E43-6B1A96FB8CF1}.Release|Win32.Build.0 = Release|Win32
		{CE46E8E5-B188-43AB-9E43-6B1A96FB8CF1}.UnitTest|Win32.ActiveCfg = Debug|Win32
		{CE46E8E5-B188-43AB-9E43-6B1A96FB8CF1}.UnitTest|Win32.Build.0 = Debug|Win32
		{1F310A52-76C5-497D-8823-C675EF406F4C}.Debug|Win32.ActiveCfg = Debug|Win32
		{1F310A52-76C5-497D-8823-C675EF406F4C}.Debug|Win32.Build.0 = Debug|Win32
		{1F310A52-76C5-497D-8823-C675EF406F4C}.Release|Win32.ActiveCfg = Release|Win32
		{1F310A52-76C5-497D-8823-C675EF406F4C}.Release|Win32.Build.0 = Release|Win32
		{1F310A52-76C5-497D-8823-C675EF406F4C}.UnitTest|Win32.ActiveCfg = Release|Win32
		{1F310A52-76C5-497D-8823-C675EF406F4C}.UnitTest|Win32.Build.0 = Release|Win32
	EndGlobalSection
	GlobalSection(SolutionProperties) = preSolution
		HideSolutionNode = FALSE
	EndGlobalSection
	GlobalSection(NestedProjects) = preSolution
		{DE272CA9-151B-4F7F-8593-CC699FCF063A} = {84988C96-1E65-4767-B502-73F3EAB218A6}
		{CE46E8E5-B188-43AB-9E43-6B1A96FB8CF1} = {253D3B7C-3B8E-4648-AACE-746F1A6654DD}
		{1F310A52-76C5-497D-8823-C675EF406F4C} = {84988C96-1E65-4767-B502-73F3EAB218A6}
	EndGlobalSection
EndGlobal
